{
  "name": "repository",
  "version": "1.0.0",
  "lockfileVersion": 1,
  "requires": true,
  "dependencies": {
    "@firebase/app-types": {
      "version": "0.4.0",
      "resolved": "https://registry.npmjs.org/@firebase/app-types/-/app-types-0.4.0.tgz",
      "integrity": "sha512-8erNMHc0V26gA6Nj4W9laVrQrXHsj9K2TEM7eL2IQogGSHLL4vet3UNekYfcGQ2cjfvwUjMzd+BNS/8S7GnfiA==",
      "dev": true
    },
    "@firebase/firestore-types": {
      "version": "1.3.0",
      "resolved": "https://registry.npmjs.org/@firebase/firestore-types/-/firestore-types-1.3.0.tgz",
      "integrity": "sha512-XPnfAaYsKgYivgl/U1+M5ulBG9Hxv52zrZR5TuaoKCU791t/E3K85rT1ZGtEHu9Fj4CPTep2NSl8I30MQpUlHA==",
      "dev": true
    }
  }
}
